
Microsoft Visual Studio Solution File, Format Version 12.00
# Visual Studio Version 17
VisualStudioVersion = 17.14.37301.10 d17.14
MinimumVisualStudioVersion = 10.0.40219.1
Project("{FAE04EC0-301F-11D3-BF4B-00C04F79EFBC}") = "RecordShopFrontEnd", "RecordShopFrontEnd\RecordShopFrontEnd.csproj", "{FE8227D6-4434-4A4A-ACB2-808A8FEDF06E}"
EndProject
Project("{FAE04EC0-301F-11D3-BF4B-00C04F79EFBC}") = "RecordShopFrontEnd.Client", "RecordShopFrontEnd.Client\RecordShopFrontEnd.Client.csproj", "{FD3C76DC-B8F5-4C33-8F60-B748320976E2}"
EndProject
Global
	GlobalSection(SolutionConfigurationPlatforms) = preSolution
		Debug|Any CPU = Debug|Any CPU
		Release|Any CPU = Release|Any CPU
	EndGlobalSection
	GlobalSection(ProjectConfigurationPlatforms) = postSolution
		{FE8227D6-4434-4A4A-ACB2-808A8FEDF06E}.Debug|Any CPU.ActiveCfg = Debug|Any CPU
		{FE8227D6-4434-4A4A-ACB2-808A8FEDF06E}.Debug|Any CPU.Build.0 = Debug|Any CPU
		{FE8227D6-4434-4A4A-ACB2-808A8FEDF06E}.Release|Any CPU.ActiveCfg = Release|Any CPU
		{FE8227D6-4434-4A4A-ACB2-808A8FEDF06E}.Release|Any CPU.Build.0 = Release|Any CPU
		{FD3C76DC-B8F5-4C33-8F60-B748320976E2}.Debug|Any CPU.ActiveCfg = Debug|Any CPU
		{FD3C76DC-B8F5-4C33-8F60-B748320976E2}.Debug|Any CPU.Build.0 = Debug|Any CPU
		{FD3C76DC-B8F5-4C33-8F60-B748320976E2}.Release|Any CPU.ActiveCfg = Release|Any CPU
		{FD3C76DC-B8F5-4C33-8F60-B748320976E2}.Release|Any CPU.Build.0 = Release|Any CPU
	EndGlobalSection
	GlobalSection(SolutionProperties) = preSolution
		HideSolutionNode = FALSE
	EndGlobalSection
	GlobalSection(ExtensibilityGlobals) = postSolution
		SolutionGuid = {072E6932-B08A-4FB4-8827-20D1FAB65F12}
	EndGlobalSection
EndGlobal
